Microsoft Visual Studio Solution File, Format Version 12.00
# Visual Studio Version 17
VisualStudioVersion = 17.5.2.0
MinimumVisualStudioVersion = 10.0.40219.1
Project("{FAE04EC0-301F-11D3-BF4B-00C04F79EFBC}") = "ApiFilmes", "ApiFilmes.csproj", "{0E19283F-4BFC-9FA5-19D2-AD919AC869F6}"
EndProject
Global
	GlobalSection(SolutionConfigurationPlatforms) = preSolution
		Debug|Any CPU = Debug|Any CPU
		Release|Any CPU = Release|Any CPU
	EndGlobalSection
	GlobalSection(ProjectConfigurationPlatforms) = postSolution
		{0E19283F-4BFC-9FA5-19D2-AD919AC869F6}.Debug|Any CPU.ActiveCfg = Debug|Any CPU
		{0E19283F-4BFC-9FA5-19D2-AD919AC869F6}.Debug|Any CPU.Build.0 = Debug|Any CPU
		{0E19283F-4BFC-9FA5-19D2-AD919AC869F6}.Release|Any CPU.ActiveCfg = Release|Any CPU
		{0E19283F-4BFC-9FA5-19D2-AD919AC869F6}.Release|Any CPU.Build.0 = Release|Any CPU
	EndGlobalSection
	GlobalSection(SolutionProperties) = preSolution
		HideSolutionNode = FALSE
	EndGlobalSection
	GlobalSection(ExtensibilityGlobals) = postSolution
		SolutionGuid = {0F5205ED-BBA4-4F08-A625-C43CFE2A0AF5}
	EndGlobalSection
EndGlobal
